// !$*UTF8*$!
{
	archiveVersion = 1;
	classes = {
	};
	objectVersion = 50;
	objects = {

/* Begin PBXBuildFile section */
		92C4DDDD22BBCF5600F75CF4 /* AppDelegate.swift in Sources */ = {isa = PBXBuildFile; fileRef = 92C4DDDC22BBCF5600F75CF4 /* AppDelegate.swift */; };
		92C4DDDF22BBCF5600F75CF4 /* ViewController.swift in Sources */ = {isa = PBXBuildFile; fileRef = 92C4DDDE22BBCF5600F75CF4 /* ViewController.swift */; };
		92C4DDE222BBCF5600F75CF4 /* Main.storyboard in Resources */ = {isa = PBXBuildFile; fileRef = 92C4DDE022BBCF5600F75CF4 /* Main.storyboard */; };
		92C4DDE522BBCF5600F75CF4 /* Volt.xcdatamodeld in Sources */ = {isa = PBXBuildFile; fileRef = 92C4DDE322BBCF5600F75CF4 /* Volt.xcdatamodeld */; };
		92C4DDE722BBCF5700F75CF4 /* Assets.xcassets in Resources */ = {isa = PBXBuildFile; fileRef = 92C4DDE622BBCF5700F75CF4 /* Assets.xcassets */; };
		92C4DDEA22BBCF5700F75CF4 /* LaunchScreen.storyboard in Resources */ = {isa = PBXBuildFile; fileRef = 92C4DDE822BBCF5700F75CF4 /* LaunchScreen.storyboard */; };
		92C4DDF522BBCF5800F75CF4 /* VoltTests.swift in Sources */ = {isa = PBXBuildFile; fileRef = 92C4DDF422BBCF5800F75CF4 /* VoltTests.swift */; };
/* End PBXBuildFile section */

/* Begin PBXContainerItemProxy section */
		92C4DDF122BBCF5800F75CF4 /* PBXContainerItemProxy */ = {
			isa = PBXContainerItemProxy;
			containerPortal = 92C4DDD122BBCF5600F75CF4 /* Project object */;
			proxyType = 1;
			remoteGlobalIDString = 92C4DDD822BBCF5600F75CF4;
			remoteInfo = Volt;
		};
/* End PBXContainerItemProxy section */

/* Begin PBXFileReference section */
		92C4DDD922BBCF5600F75CF4 /* Volt.app */ = {isa = PBXFileReference; explicitFileType = wrapper.application; includeInIndex = 0; path = Volt.app; sourceTree = BUILT_PRODUCTS_DIR; };
		92C4DDDC22BBCF5600F75CF4 /* AppDelegate.swift */ = {isa = PBXFileReference; lastKnownFileType = sourcecode.swift; path = AppDelegate.swift; sourceTree = "<group>"; };
		92C4DDDE22BBCF5600F75CF4 /* ViewController.swift */ = {isa = PBXFileReference; lastKnownFileType = sourcecode.swift; path = ViewController.swift; sourceTree = "<group>"; };
		92C4DDE122BBCF5600F75CF4 /* Base */ = {isa = PBXFileReference; lastKnownFileType = file.storyboard; name = Base; path = Base.lproj/Main.storyboard; sourceTree = "<group>"; };
		92C4DDE422BBCF5600F75CF4 /* Volt.xcdatamodel */ = {isa = PBXFileReference; lastKnownFileType = wrapper.xcdatamodel; path = Volt.xcdatamodel; sourceTree = "<group>"; };
		92C4DDE622BBCF5700F75CF4 /* Assets.xcassets */ = {isa = PBXFileReference; lastKnownFileType = folder.assetcatalog; path = Assets.xcassets; sourceTree = "<group>"; };
		92C4DDE922BBCF5700F75CF4 /* Base */ = {isa = PBXFileReference; lastKnownFileType = file.storyboard; name = Base; path = Base.lproj/LaunchScreen.storyboard; sourceTree = "<group>"; };
		92C4DDEB22BBCF5700F75CF4 /* Info.plist */ = {isa = PBXFileReference; lastKnownFileType = text.plist.xml; path = Info.plist; sourceTree = "<group>"; };
		92C4DDF022BBCF5800F75CF4 /* VoltTests.xctest */ = {isa = PBXFileReference; explicitFileType = wrapper.cfbundle; includeInIndex = 0; path = VoltTests.xctest; sourceTree = BUILT_PRODUCTS_DIR; };
		92C4DDF422BBCF5800F75CF4 /* VoltTests.swift */ = {isa = PBXFileReference; lastKnownFileType = sourcecode.swift; path = VoltTests.swift; sourceTree = "<group>"; };
		92C4DDF622BBCF5800F75CF4 /* Info.plist */ = {isa = PBXFileReference; lastKnownFileType = text.plist.xml; path = Info.plist; sourceTree = "<group>"; };
/* End PBXFileReference section */

/* Begin PBXFrameworksBuildPhase section */
		92C4DDD622BBCF5600F75CF4 /* Frameworks */ = {
			isa = PBXFrameworksBuildPhase;
			buildActionMask = 2147483647;
			files = (
			);
			runOnlyForDeploymentPostprocessing = 0;
		};
		92C4DDED22BBCF5800F75CF4 /* Frameworks */ = {
			isa = PBXFrameworksBuildPhase;
			buildActionMask = 2147483647;
			files = (
			);
			runOnlyForDeploymentPostprocessing = 0;
		};
/* End PBXFrameworksBuildPhase section */

/* Begin PBXGroup section */
		92C4DDD022BBCF5600F75CF4 = {
			isa = PBXGroup;
			children = (
				92C4DDDB22BBCF5600F75CF4 /* Volt */,
				92C4DDF322BBCF5800F75CF4 /* VoltTests */,
				92C4DDDA22BBCF5600F75CF4 /* Products */,
			);
			sourceTree = "<group>";
		};
		92C4DDDA22BBCF5600F75CF4 /* Products */ = {
			isa = PBXGroup;
			children = (
				92C4DDD922BBCF5600F75CF4 /* Volt.app */,
				92C4DDF022BBCF5800F75CF4 /* VoltTests.xctest */,
			);
			name = Products;
			sourceTree = "<group>";
		};
		92C4DDDB22BBCF5600F75CF4 /* Volt */ = {
			isa = PBXGroup;
			children = (
				92C4DE0122BBCF6F00F75CF4 /* Controller */,
				92C4DE0022BBCF6A00F75CF4 /* View */,
				92C4DDFF22BBCF6500F75CF4 /* Model */,
				92C4DDDC22BBCF5600F75CF4 /* AppDelegate.swift */,
				92C4DDEB22BBCF5700F75CF4 /* Info.plist */,
			);
			path = Volt;
			sourceTree = "<group>";
		};
		92C4DDF322BBCF5800F75CF4 /* VoltTests */ = {
			isa = PBXGroup;
			children = (
				92C4DDF422BBCF5800F75CF4 /* VoltTests.swift */,
				92C4DDF622BBCF5800F75CF4 /* Info.plist */,
			);
			path = VoltTests;
			sourceTree = "<group>";
		};
		92C4DDFF22BBCF6500F75CF4 /* Model */ = {
			isa = PBXGroup;
			children = (
				92C4DDE322BBCF5600F75CF4 /* Volt.xcdatamodeld */,
			);
			path = Model;
			sourceTree = "<group>";
		};
		92C4DE0022BBCF6A00F75CF4 /* View */ = {
			isa = PBXGroup;
			children = (
				92C4DDE622BBCF5700F75CF4 /* Assets.xcassets */,
				92C4DDE022BBCF5600F75CF4 /* Main.storyboard */,
				92C4DDE822BBCF5700F75CF4 /* LaunchScreen.storyboard */,
			);
			path = View;
			sourceTree = "<group>";
		};
		92C4DE0122BBCF6F00F75CF4 /* Controller */ = {
			isa = PBXGroup;
			children = (
				92C4DDDE22BBCF5600F75CF4 /* ViewController.swift */,
			);
			path = Controller;
			sourceTree = "<group>";
		};
/* End PBXGroup section */

/* Begin PBXNativeTarget section */
		92C4DDD822BBCF5600F75CF4 /* Volt */ = {
			isa = PBXNativeTarget;
			buildConfigurationList = 92C4DDF922BBCF5800F75CF4 /* Build configuration list for PBXNativeTarget "Volt" */;
			buildPhases = (
				92C4DDD522BBCF5600F75CF4 /* Sources */,
				92C4DDD622BBCF5600F75CF4 /* Frameworks */,
				92C4DDD722BBCF5600F75CF4 /* Resources */,
			);
			buildRules = (
			);
			dependencies = (
			);
			name = Volt;
			productName = Volt;
			productReference = 92C4DDD922BBCF5600F75CF4 /* Volt.app */;
			productType = "com.apple.product-type.application";
		};
		92C4DDEF22BBCF5800F75CF4 /* VoltTests */ = {
			isa = PBXNativeTarget;
			buildConfigurationList = 92C4DDFC22BBCF5800F75CF4 /* Build configuration list for PBXNativeTarget "VoltTests" */;
			buildPhases = (
				92C4DDEC22BBCF5800F75CF4 /* Sources */,
				92C4DDED22BBCF5800F75CF4 /* Frameworks */,
				92C4DDEE22BBCF5800F75CF4 /* Resources */,
			);
			buildRules = (
			);
			dependencies = (
				92C4DDF222BBCF5800F75CF4 /* PBXTargetDependency */,
			);
			name = VoltTests;
			productName = VoltTests;
			productReference = 92C4DDF022BBCF5800F75CF4 /* VoltTests.xctest */;
			productType = "com.apple.product-type.bundle.unit-test";
		};
/* End PBXNativeTarget section */

/* Begin PBXProject section */
		92C4DDD122BBCF5600F75CF4 /* Project object */ = {
			isa = PBXProject;
			attributes = {
				LastSwiftUpdateCheck = 1020;
				LastUpgradeCheck = 1020;
				ORGANIZATIONNAME = "Ilan Zerdoun";
				TargetAttributes = {
					92C4DDD822BBCF5600F75CF4 = {
						CreatedOnToolsVersion = 10.2.1;
					};
					92C4DDEF22BBCF5800F75CF4 = {
						CreatedOnToolsVersion = 10.2.1;
						TestTargetID = 92C4DDD822BBCF5600F75CF4;
					};
				};
			};
			buildConfigurationList = 92C4DDD422BBCF5600F75CF4 /* Build configuration list for PBXProject "Volt" */;
			compatibilityVersion = "Xcode 9.3";
			developmentRegion = en;
			hasScannedForEncodings = 0;
			knownRegions = (
				en,
				Base,
			);
			mainGroup = 92C4DDD022BBCF5600F75CF4;
			productRefGroup = 92C4DDDA22BBCF5600F75CF4 /* Products */;
			projectDirPath = "";
			projectRoot = "";
			targets = (
				92C4DDD822BBCF5600F75CF4 /* Volt */,
				92C4DDEF22BBCF5800F75CF4 /* VoltTests */,
			);
		};
/* End PBXProject section */

/* Begin PBXResourcesBuildPhase section */
		92C4DDD722BBCF5600F75CF4 /* Resources */ = {
			isa = PBXResourcesBuildPhase;
			buildActionMask = 2147483647;
			files = (
				92C4DDEA22BBCF5700F75CF4 /* LaunchScreen.storyboard in Resources */,
				92C4DDE722BBCF5700F75CF4 /* Assets.xcassets in Resources */,
				92C4DDE222BBCF5600F75CF4 /* Main.storyboard in Resources */,
			);
			runOnlyForDeploymentPostprocessing = 0;
		};
		92C4DDEE22BBCF5800F75CF4 /* Resources */ = {
			isa = PBXResourcesBuildPhase;
			buildActionMask = 2147483647;
			files = (
			);
			runOnlyForDeploymentPostprocessing = 0;
		};
/* End PBXResourcesBuildPhase section */

/* Begin PBXSourcesBuildPhase section */
		92C4DDD522BBCF5600F75CF4 /* Sources */ = {
			isa = PBXSourcesBuildPhase;
			buildActionMask = 2147483647;
			files = (
				92C4DDDF22BBCF5600F75CF4 /* ViewController.swift in Sources */,
				92C4DDE522BBCF5600F75CF4 /* Volt.xcdatamodeld in Sources */,
				92C4DDDD22BBCF5600F75CF4 /* AppDelegate.swift in Sources */,
			);
			runOnlyForDeploymentPostprocessing = 0;
		};
		92C4DDEC22BBCF5800F75CF4 /* Sources */ = {
			isa = PBXSourcesBuildPhase;
			buildActionMask = 2147483647;
			files = (
				92C4DDF522BBCF5800F75CF4 /* VoltTests.swift in Sources */,
			);
			runOnlyForDeploymentPostprocessing = 0;
		};
/* End PBXSourcesBuildPhase section */

/* Begin PBXTargetDependency section */
		92C4DDF222BBCF5800F75CF4 /* PBXTargetDependency */ = {
			isa = PBXTargetDependency;
			target = 92C4DDD822BBCF5600F75CF4 /* Volt */;
			targetProxy = 92C4DDF122BBCF5800F75CF4 /* PBXContainerItemProxy */;
		};
/* End PBXTargetDependency section */

/* Begin PBXVariantGroup section */
		92C4DDE022BBCF5600F75CF4 /* Main.storyboard */ = {
			isa = PBXVariantGroup;
			children = (
				92C4DDE122BBCF5600F75CF4 /* Base */,
			);
			name = Main.storyboard;
			sourceTree = "<group>";
		};
		92C4DDE822BBCF5700F75CF4 /* LaunchScreen.storyboard */ = {
			isa = PBXVariantGroup;
			children = (
				92C4DDE922BBCF5700F75CF4 /* Base */,
			);
			name = LaunchScreen.storyboard;
			sourceTree = "<group>";
		};
/* End PBXVariantGroup section */

/* Begin XCBuildConfiguration section */
		92C4DDF722BBCF5800F75CF4 /* Debug */ = {
			isa = XCBuildConfiguration;
			buildSettings = {
				ALWAYS_SEARCH_USER_PATHS = NO;
				CLANG_ANALYZER_NONNULL = YES;
				CLANG_ANALYZER_NUMBER_OBJECT_CONVERSION = YES_AGGRESSIVE;
				CLANG_CXX_LANGUAGE_STANDARD = "gnu++14";
				CLANG_CXX_LIBRARY = "libc++";
				CLANG_ENABLE_MODULES = YES;
				CLANG_ENABLE_OBJC_ARC = YES;
				CLANG_ENABLE_OBJC_WEAK = YES;
				CLANG_WARN_BLOCK_CAPTURE_AUTORELEASING = YES;
				CLANG_WARN_BOOL_CONVERSION = YES;
				CLANG_WARN_COMMA = YES;
				CLANG_WARN_CONSTANT_CONVERSION = YES;
				CLANG_WARN_DEPRECATED_OBJC_IMPLEMENTATIONS = YES;
				CLANG_WARN_DIRECT_OBJC_ISA_USAGE = YES_ERROR;
				CLANG_WARN_DOCUMENTATION_COMMENTS = YES;
				CLANG_WARN_EMPTY_BODY = YES;
				CLANG_WARN_ENUM_CONVERSION = YES;
				CLANG_WARN_INFINITE_RECURSION = YES;
				CLANG_WARN_INT_CONVERSION = YES;
				CLANG_WARN_NON_LITERAL_NULL_CONVERSION = YES;
				CLANG_WARN_OBJC_IMPLICIT_RETAIN_SELF = YES;
				CLANG_WARN_OBJC_LITERAL_CONVERSION = YES;
				CLANG_WARN_OBJC_ROOT_CLASS = YES_ERROR;
				CLANG_WARN_RANGE_LOOP_ANALYSIS = YES;
				CLANG_WARN_STRICT_PROTOTYPES = YES;
				CLANG_WARN_SUSPICIOUS_MOVE = YES;
				CLANG_WARN_UNGUARDED_AVAILABILITY = YES_AGGRESSIVE;
				CLANG_WARN_UNREACHABLE_CODE = YES;
				CLANG_WARN__DUPLICATE_METHOD_MATCH = YES;
				CODE_SIGN_IDENTITY = "iPhone Developer";
				COPY_PHASE_STRIP = NO;
				DEBUG_INFORMATION_FORMAT = dwarf;
				ENABLE_STRICT_OBJC_MSGSEND = YES;
				ENABLE_TESTABILITY = YES;
				GCC_C_LANGUAGE_STANDARD = gnu11;
				GCC_DYNAMIC_NO_PIC = NO;
				GCC_NO_COMMON_BLOCKS = YES;
				GCC_OPTIMIZATION_LEVEL = 0;
				GCC_PREPROCESSOR_DEFINITIONS = (
					"DEBUG=1",
					"$(inherited)",
				);
				GCC_WARN_64_TO_32_BIT_CONVERSION = YES;
				GCC_WARN_ABOUT_RETURN_TYPE = YES_ERROR;
				GCC_WARN_UNDECLARED_SELECTOR = YES;
				GCC_WARN_UNINITIALIZED_AUTOS = YES_AGGRESSIVE;
				GCC_WARN_UNUSED_FUNCTION = YES;
				GCC_WARN_UNUSED_VARIABLE = YES;
				IPHONEOS_DEPLOYMENT_TARGET = 12.2;
				MTL_ENABLE_DEBUG_INFO = INCLUDE_SOURCE;
				MTL_FAST_MATH = YES;
				ONLY_ACTIVE_ARCH = YES;
				SDKROOT = iphoneos;
				SWIFT_ACTIVE_COMPILATION_CONDITIONS = DEBUG;
				SWIFT_OPTIMIZATION_LEVEL = "-Onone";
			};
			name = Debug;
		};
		92C4DDF822BBCF5800F75CF4 /* Release */ = {
			isa = XCBuildConfiguration;
			buildSettings = {
				ALWAYS_SEARCH_USER_PATHS = NO;
				CLANG_ANALYZER_NONNULL = YES;
				CLANG_ANALYZER_NUMBER_OBJECT_CONVERSION = YES_AGGRESSIVE;
				CLANG_CXX_LANGUAGE_STANDARD = "gnu++14";
				CLANG_CXX_LIBRARY = "libc++";
				CLANG_ENABLE_MODULES = YES;
				CLANG_ENABLE_OBJC_ARC = YES;
				CLANG_ENABLE_OBJC_WEAK = YES;
				CLANG_WARN_BLOCK_CAPTURE_AUTORELEASING = YES;
				CLANG_WARN_BOOL_CONVERSION = YES;
				CLANG_WARN_COMMA = YES;
				CLANG_WARN_CONSTANT_CONVERSION = YES;
				CLANG_WARN_DEPRECATED_OBJC_IMPLEMENTATIONS = YES;
				CLANG_WARN_DIRECT_OBJC_ISA_USAGE = YES_ERROR;
				CLANG_WARN_DOCUMENTATION_COMMENTS = YES;
				CLANG_WARN_EMPTY_BODY = YES;
				CLANG_WARN_ENUM_CONVERSION = YES;
				CLANG_WARN_INFINITE_RECURSION = YES;
				CLANG_WARN_INT_CONVERSION = YES;
				CLANG_WARN_NON_LITERAL_NULL_CONVERSION = YES;
				CLANG_WARN_OBJC_IMPLICIT_RETAIN_SELF = YES;
				CLANG_WARN_OBJC_LITERAL_CONVERSION = YES;
				CLANG_WARN_OBJC_ROOT_CLASS = YES_ERROR;
				CLANG_WARN_RANGE_LOOP_ANALYSIS = YES;
				CLANG_WARN_STRICT_PROTOTYPES = YES;
				CLANG_WARN_SUSPICIOUS_MOVE = YES;
				CLANG_WARN_UNGUARDED_AVAILABILITY = YES_AGGRESSIVE;
				CLANG_WARN_UNREACHABLE_CODE = YES;
				CLANG_WARN__DUPLICATE_METHOD_MATCH = YES;
				CODE_SIGN_IDENTITY = "iPhone Developer";
				COPY_PHASE_STRIP = NO;
				DEBUG_INFORMATION_FORMAT = "dwarf-with-dsym";
				ENABLE_NS_ASSERTIONS = NO;
				ENABLE_STRICT_OBJC_MSGSEND = YES;
				GCC_C_LANGUAGE_STANDARD = gnu11;
				GCC_NO_COMMON_BLOCKS = YES;
				GCC_WARN_64_TO_32_BIT_CONVERSION = YES;
				GCC_WARN_ABOUT_RETURN_TYPE = YES_ERROR;
				GCC_WARN_UNDECLARED_SELECTOR = YES;
				GCC_WARN_UNINITIALIZED_AUTOS = YES_AGGRESSIVE;
				GCC_WARN_UNUSED_FUNCTION = YES;
				GCC_WARN_UNUSED_VARIABLE = YES;
				IPHONEOS_DEPLOYMENT_TARGET = 12.2;
				MTL_ENABLE_DEBUG_INFO = NO;
				MTL_FAST_MATH = YES;
				SDKROOT = iphoneos;
				SWIFT_COMPILATION_MODE = wholemodule;
				SWIFT_OPTIMIZATION_LEVEL = "-O";
				VALIDATE_PRODUCT = YES;
			};
			name = Release;
		};
		92C4DDFA22BBCF5800F75CF4 /* Debug */ = {
			isa = XCBuildConfiguration;
			buildSettings = {
				ASSETCATALOG_COMPILER_APPICON_NAME = AppIcon;
				CODE_SIGN_STYLE = Automatic;
				DEVELOPMENT_TEAM = 5HAUVG59Z9;
				INFOPLIST_FILE = Volt/Info.plist;
				LD_RUNPATH_SEARCH_PATHS = (
					"$(inherited)",
					"@executable_path/Frameworks",
				);
				PRODUCT_BUNDLE_IDENTIFIER = com.IlanZerdoun.Volt;
				PRODUCT_NAME = "$(TARGET_NAME)";
				SWIFT_VERSION = 5.0;
				TARGETED_DEVICE_FAMILY = "1,2";
			};
			name = Debug;
		};
		92C4DDFB22BBCF5800F75CF4 /* Release */ = {
			isa = XCBuildConfiguration;
			buildSettings = {
				ASSETCATALOG_COMPILER_APPICON_NAME = AppIcon;
				CODE_SIGN_STYLE = Automatic;
				DEVELOPMENT_TEAM = 5HAUVG59Z9;
				INFOPLIST_FILE = Volt/Info.plist;
				LD_RUNPATH_SEARCH_PATHS = (
					"$(inherited)",
					"@executable_path/Frameworks",
				);
				PRODUCT_BUNDLE_IDENTIFIER = com.IlanZerdoun.Volt;
				PRODUCT_NAME = "$(TARGET_NAME)";
				SWIFT_VERSION = 5.0;
				TARGETED_DEVICE_FAMILY = "1,2";
			};
			name = Release;
		};
		92C4DDFD22BBCF5800F75CF4 /* Debug */ = {
			isa = XCBuildConfiguration;
			buildSettings = {
				ALWAYS_EMBED_SWIFT_STANDARD_LIBRARIES = YES;
				BUNDLE_LOADER = "$(TEST_HOST)";
				CODE_SIGN_STYLE = Automatic;
				DEVELOPMENT_TEAM = 5HAUVG59Z9;
				INFOPLIST_FILE = VoltTests/Info.plist;
				LD_RUNPATH_SEARCH_PATHS = (
					"$(inherited)",
					"@executable_path/Frameworks",
					"@loader_path/Frameworks",
				);
				PRODUCT_BUNDLE_IDENTIFIER = com.IlanZerdoun.VoltTests;
				PRODUCT_NAME = "$(TARGET_NAME)";
				SWIFT_VERSION = 5.0;
				TARGETED_DEVICE_FAMILY = "1,2";
				TEST_HOST = "$(BUILT_PRODUCTS_DIR)/Volt.app/Volt";
			};
			name = Debug;
		};
		92C4DDFE22BBCF5800F75CF4 /* Release */ = {
			isa = XCBuildConfiguration;
			buildSettings = {
				ALWAYS_EMBED_SWIFT_STANDARD_LIBRARIES = YES;
				BUNDLE_LOADER = "$(TEST_HOST)";
				CODE_SIGN_STYLE = Automatic;
				DEVELOPMENT_TEAM = 5HAUVG59Z9;
				INFOPLIST_FILE = VoltTests/Info.plist;
				LD_RUNPATH_SEARCH_PATHS = (
					"$(inherited)",
					"@executable_path/Frameworks",
					"@loader_path/Frameworks",
				);
				PRODUCT_BUNDLE_IDENTIFIER = com.IlanZerdoun.VoltTests;
				PRODUCT_NAME = "$(TARGET_NAME)";
				SWIFT_VERSION = 5.0;
				TARGETED_DEVICE_FAMILY = "1,2";
				TEST_HOST = "$(BUILT_PRODUCTS_DIR)/Volt.app/Volt";
			};
			name = Release;
		};
/* End XCBuildConfiguration section */

/* Begin XCConfigurationList section */
		92C4DDD422BBCF5600F75CF4 /* Build configuration list for PBXProject "Volt" */ = {
			isa = XCConfigurationList;
			buildConfigurations = (
				92C4DDF722BBCF5800F75CF4 /* Debug */,
				92C4DDF822BBCF5800F75CF4 /* Release */,
			);
			defaultConfigurationIsVisible = 0;
			defaultConfigurationName = Release;
		};
		92C4DDF922BBCF5800F75CF4 /* Build configuration list for PBXNativeTarget "Volt" */ = {
			isa = XCConfigurationList;
			buildConfigurations = (
				92C4DDFA22BBCF5800F75CF4 /* Debug */,
				92C4DDFB22BBCF5800F75CF4 /* Release */,
			);
			defaultConfigurationIsVisible = 0;
			defaultConfigurationName = Release;
		};
		92C4DDFC22BBCF5800F75CF4 /* Build configuration list for PBXNativeTarget "VoltTests" */ = {
			isa = XCConfigurationList;
			buildConfigurations = (
				92C4DDFD22BBCF5800F75CF4 /* Debug */,
				92C4DDFE22BBCF5800F75CF4 /* Release */,
			);
			defaultConfigurationIsVisible = 0;
			defaultConfigurationName = Release;
		};
/* End XCConfigurationList section */

/* Begin XCVersionGroup section */
		92C4DDE322BBCF5600F75CF4 /* Volt.xcdatamodeld */ = {
			isa = XCVersionGroup;
			children = (
				92C4DDE422BBCF5600F75CF4 /* Volt.xcdatamodel */,
			);
			currentVersion = 92C4DDE422BBCF5600F75CF4 /* Volt.xcdatamodel */;
			path = Volt.xcdatamodeld;
			sourceTree = "<group>";
			versionGroupType = wrapper.xcdatamodel;
		};
/* End XCVersionGroup section */
	};
	rootObject = 92C4DDD122BBCF5600F75CF4 /* Project object */;
}
